
Microsoft Visual Studio Solution File, Format Version 12.00
# Visual Studio Version 16
VisualStudioVersion = 16.0.31205.134
MinimumVisualStudioVersion = 10.0.40219.1
Project("{FAE04EC0-301F-11D3-BF4B-00C04F79EFBC}") = "MVC Rest Api", "MVC Rest Api\MVC Rest Api.csproj", "{B8C5ABFA-447F-4711-ABD5-074583DEC4C4}"
EndProject
Global
	GlobalSection(SolutionConfigurationPlatforms) = preSolution
		Debug|Any CPU = Debug|Any CPU
		Release|Any CPU = Release|Any CPU
	EndGlobalSection
	GlobalSection(ProjectConfigurationPlatforms) = postSolution
		{B8C5ABFA-447F-4711-ABD5-074583DEC4C4}.Debug|Any CPU.ActiveCfg = Debug|Any CPU
		{B8C5ABFA-447F-4711-ABD5-074583DEC4C4}.Debug|Any CPU.Build.0 = Debug|Any CPU
		{B8C5ABFA-447F-4711-ABD5-074583DEC4C4}.Release|Any CPU.ActiveCfg = Release|Any CPU
		{B8C5ABFA-447F-4711-ABD5-074583DEC4C4}.Release|Any CPU.Build.0 = Release|Any CPU
	EndGlobalSection
	GlobalSection(SolutionProperties) = preSolution
		HideSolutionNode = FALSE
	EndGlobalSection
	GlobalSection(ExtensibilityGlobals) = postSolution
		SolutionGuid = {8ECFC298-B328-4749-8CC1-618856651464}
	EndGlobalSection
EndGlobal
